
Microsoft Visual Studio Solution File, Format Version 12.00
# Visual Studio Version 17
VisualStudioVersion = 17.9.34728.123
MinimumVisualStudioVersion = 10.0.40219.1
Project("{9A19103F-16F7-4668-BE54-9A1E7A4F7556}") = "RomRepo.api", "RomRepo.api\RomRepo.api.csproj", "{D5A2BCCF-8557-43BF-9F08-145F81824600}"
EndProject
Project("{E53339B2-1760-4266-BCC7-CA923CBCF16C}") = "docker-compose", "docker-compose.dcproj", "{BCA2CB0C-F3ED-40C7-947C-C816F3861DBC}"
EndProject
Global
	GlobalSection(SolutionConfigurationPlatforms) = preSolution
		Debug|Any CPU = Debug|Any CPU
		Release|Any CPU = Release|Any CPU
	EndGlobalSection
	GlobalSection(ProjectConfigurationPlatforms) = postSolution
		{D5A2BCCF-8557-43BF-9F08-145F81824600}.Debug|Any CPU.ActiveCfg = Debug|Any CPU
		{D5A2BCCF-8557-43BF-9F08-145F81824600}.Debug|Any CPU.Build.0 = Debug|Any CPU
		{D5A2BCCF-8557-43BF-9F08-145F81824600}.Release|Any CPU.ActiveCfg = Release|Any CPU
		{D5A2BCCF-8557-43BF-9F08-145F81824600}.Release|Any CPU.Build.0 = Release|Any CPU
		{BCA2CB0C-F3ED-40C7-947C-C816F3861DBC}.Debug|Any CPU.ActiveCfg = Debug|Any CPU
		{BCA2CB0C-F3ED-40C7-947C-C816F3861DBC}.Debug|Any CPU.Build.0 = Debug|Any CPU
		{BCA2CB0C-F3ED-40C7-947C-C816F3861DBC}.Release|Any CPU.ActiveCfg = Release|Any CPU
		{BCA2CB0C-F3ED-40C7-947C-C816F3861DBC}.Release|Any CPU.Build.0 = Release|Any CPU
	EndGlobalSection
	GlobalSection(SolutionProperties) = preSolution
		HideSolutionNode = FALSE
	EndGlobalSection
	GlobalSection(ExtensibilityGlobals) = postSolution
		SolutionGuid = {8971AC14-02E7-4F6B-9F48-E2A14A3CDF5A}
	EndGlobalSection
EndGlobal
