
Microsoft Visual Studio Solution File, Format Version 12.00
# Visual Studio Version 17
VisualStudioVersion = 17.7.34003.232
MinimumVisualStudioVersion = 10.0.40219.1
Project("{9A19103F-16F7-4668-BE54-9A1E7A4F7556}") = "RomRepo.console", "RomRepo.console\RomRepo.console.csproj", "{709C7BA8-2E8E-4469-8ED6-751B7D18BDB1}"
EndProject
Project("{2150E333-8FDC-42A3-9474-1A3956D46DE8}") = "Solution Items", "Solution Items", "{782C7EF5-DC70-437A-8FA0-34F088437A8D}"
	ProjectSection(SolutionItems) = preProject
		LICENSE = LICENSE
		README.md = README.md
	EndProjectSection
EndProject
Project("{9A19103F-16F7-4668-BE54-9A1E7A4F7556}") = "RomRepo.api.dat", "RomRepo.api.dat\RomRepo.api.dat.csproj", "{E3F17F19-766A-48E4-AA86-5A43B1C60EE1}"
EndProject
Global
	GlobalSection(SolutionConfigurationPlatforms) = preSolution
		Debug|Any CPU = Debug|Any CPU
		Release|Any CPU = Release|Any CPU
	EndGlobalSection
	GlobalSection(ProjectConfigurationPlatforms) = postSolution
		{709C7BA8-2E8E-4469-8ED6-751B7D18BDB1}.Debug|Any CPU.ActiveCfg = Debug|Any CPU
		{709C7BA8-2E8E-4469-8ED6-751B7D18BDB1}.Debug|Any CPU.Build.0 = Debug|Any CPU
		{709C7BA8-2E8E-4469-8ED6-751B7D18BDB1}.Release|Any CPU.ActiveCfg = Release|Any CPU
		{709C7BA8-2E8E-4469-8ED6-751B7D18BDB1}.Release|Any CPU.Build.0 = Release|Any CPU
		{E3F17F19-766A-48E4-AA86-5A43B1C60EE1}.Debug|Any CPU.ActiveCfg = Debug|Any CPU
		{E3F17F19-766A-48E4-AA86-5A43B1C60EE1}.Debug|Any CPU.Build.0 = Debug|Any CPU
		{E3F17F19-766A-48E4-AA86-5A43B1C60EE1}.Release|Any CPU.ActiveCfg = Release|Any CPU
		{E3F17F19-766A-48E4-AA86-5A43B1C60EE1}.Release|Any CPU.Build.0 = Release|Any CPU
	EndGlobalSection
	GlobalSection(SolutionProperties) = preSolution
		HideSolutionNode = FALSE
	EndGlobalSection
	GlobalSection(ExtensibilityGlobals) = postSolution
		SolutionGuid = {DDB57FF6-F4B1-4879-B141-F576B427ED8F}
	EndGlobalSection
EndGlobal
