
Microsoft Visual Studio Solution File, Format Version 12.00
# Visual Studio Version 17
VisualStudioVersion = 17.7.34003.232
MinimumVisualStudioVersion = 10.0.40219.1
Project("{FAE04EC0-301F-11D3-BF4B-00C04F79EFBC}") = "RomRepo.web.Server", "RomRepo.web\Server\RomRepo.web.Server.csproj", "{F99FD039-3CCE-40A5-AAFF-85F82A510120}"
EndProject
Project("{FAE04EC0-301F-11D3-BF4B-00C04F79EFBC}") = "RomRepo.web.Client", "RomRepo.web\Client\RomRepo.web.Client.csproj", "{684A394F-DBA7-4C69-B49B-D43F420A7496}"
EndProject
Project("{FAE04EC0-301F-11D3-BF4B-00C04F79EFBC}") = "RomRepo.web.Shared", "RomRepo.web\Shared\RomRepo.web.Shared.csproj", "{AB4D0D7C-D4F2-43B0-BF1C-53350DD74CA3}"
EndProject
Project("{FAE04EC0-301F-11D3-BF4B-00C04F79EFBC}") = "RomRepo.console", "RomRepo.console\RomRepo.console.csproj", "{709C7BA8-2E8E-4469-8ED6-751B7D18BDB1}"
EndProject
Global
	GlobalSection(SolutionConfigurationPlatforms) = preSolution
		Debug|Any CPU = Debug|Any CPU
		Release|Any CPU = Release|Any CPU
	EndGlobalSection
	GlobalSection(ProjectConfigurationPlatforms) = postSolution
		{F99FD039-3CCE-40A5-AAFF-85F82A510120}.Debug|Any CPU.ActiveCfg = Debug|Any CPU
		{F99FD039-3CCE-40A5-AAFF-85F82A510120}.Debug|Any CPU.Build.0 = Debug|Any CPU
		{F99FD039-3CCE-40A5-AAFF-85F82A510120}.Release|Any CPU.ActiveCfg = Release|Any CPU
		{F99FD039-3CCE-40A5-AAFF-85F82A510120}.Release|Any CPU.Build.0 = Release|Any CPU
		{684A394F-DBA7-4C69-B49B-D43F420A7496}.Debug|Any CPU.ActiveCfg = Debug|Any CPU
		{684A394F-DBA7-4C69-B49B-D43F420A7496}.Debug|Any CPU.Build.0 = Debug|Any CPU
		{684A394F-DBA7-4C69-B49B-D43F420A7496}.Release|Any CPU.ActiveCfg = Release|Any CPU
		{684A394F-DBA7-4C69-B49B-D43F420A7496}.Release|Any CPU.Build.0 = Release|Any CPU
		{AB4D0D7C-D4F2-43B0-BF1C-53350DD74CA3}.Debug|Any CPU.ActiveCfg = Debug|Any CPU
		{AB4D0D7C-D4F2-43B0-BF1C-53350DD74CA3}.Debug|Any CPU.Build.0 = Debug|Any CPU
		{AB4D0D7C-D4F2-43B0-BF1C-53350DD74CA3}.Release|Any CPU.ActiveCfg = Release|Any CPU
		{AB4D0D7C-D4F2-43B0-BF1C-53350DD74CA3}.Release|Any CPU.Build.0 = Release|Any CPU
		{709C7BA8-2E8E-4469-8ED6-751B7D18BDB1}.Debug|Any CPU.ActiveCfg = Debug|Any CPU
		{709C7BA8-2E8E-4469-8ED6-751B7D18BDB1}.Debug|Any CPU.Build.0 = Debug|Any CPU
		{709C7BA8-2E8E-4469-8ED6-751B7D18BDB1}.Release|Any CPU.ActiveCfg = Release|Any CPU
		{709C7BA8-2E8E-4469-8ED6-751B7D18BDB1}.Release|Any CPU.Build.0 = Release|Any CPU
	EndGlobalSection
	GlobalSection(SolutionProperties) = preSolution
		HideSolutionNode = FALSE
	EndGlobalSection
	GlobalSection(ExtensibilityGlobals) = postSolution
		SolutionGuid = {DDB57FF6-F4B1-4879-B141-F576B427ED8F}
	EndGlobalSection
EndGlobal
